
Microsoft Visual Studio Solution File, Format Version 12.00
# Visual Studio Version 17
VisualStudioVersion = 17.11.35312.102
MinimumVisualStudioVersion = 10.0.40219.1
Project("{FAE04EC0-301F-11D3-BF4B-00C04F79EFBC}") = "Product", "Product\Product.csproj", "{19D9C6F7-15DF-4CB5-BEB0-DD9B48136FD2}"
EndProject
Project("{FAE04EC0-301F-11D3-BF4B-00C04F79EFBC}") = "TestProjectProduct", "TestProjectProduct\TestProjectProduct.csproj", "{87DC2767-10EE-4266-83A9-7DC6AF424600}"
EndProject
Global
	GlobalSection(SolutionConfigurationPlatforms) = preSolution
		Debug|Any CPU = Debug|Any CPU
		Release|Any CPU = Release|Any CPU
	EndGlobalSection
	GlobalSection(ProjectConfigurationPlatforms) = postSolution
		{19D9C6F7-15DF-4CB5-BEB0-DD9B48136FD2}.Debug|Any CPU.ActiveCfg = Debug|Any CPU
		{19D9C6F7-15DF-4CB5-BEB0-DD9B48136FD2}.Debug|Any CPU.Build.0 = Debug|Any CPU
		{19D9C6F7-15DF-4CB5-BEB0-DD9B48136FD2}.Release|Any CPU.ActiveCfg = Release|Any CPU
		{19D9C6F7-15DF-4CB5-BEB0-DD9B48136FD2}.Release|Any CPU.Build.0 = Release|Any CPU
		{87DC2767-10EE-4266-83A9-7DC6AF424600}.Debug|Any CPU.ActiveCfg = Debug|Any CPU
		{87DC2767-10EE-4266-83A9-7DC6AF424600}.Debug|Any CPU.Build.0 = Debug|Any CPU
		{87DC2767-10EE-4266-83A9-7DC6AF424600}.Release|Any CPU.ActiveCfg = Release|Any CPU
		{87DC2767-10EE-4266-83A9-7DC6AF424600}.Release|Any CPU.Build.0 = Release|Any CPU
	EndGlobalSection
	GlobalSection(SolutionProperties) = preSolution
		HideSolutionNode = FALSE
	EndGlobalSection
	GlobalSection(ExtensibilityGlobals) = postSolution
		SolutionGuid = {13DC20B8-0960-4F4F-9794-DAAFF37714AE}
	EndGlobalSection
EndGlobal
